// !$*UTF8*$!
{
	archiveVersion = 1;
	classes = {
	};
	objectVersion = 46;
	objects = {

/* Begin PBXBuildFile section */
		87E342291CBF920300DC6624 /* main.m in Sources */ = {isa = PBXBuildFile; fileRef = 87E342281CBF920300DC6624 /* main.m */; };
		87E3422C1CBF920300DC6624 /* AppDelegate.m in Sources */ = {isa = PBXBuildFile; fileRef = 87E3422B1CBF920300DC6624 /* AppDelegate.m */; };
		87E3422F1CBF920300DC6624 /* ViewController.m in Sources */ = {isa = PBXBuildFile; fileRef = 87E3422E1CBF920300DC6624 /* ViewController.m */; };
		87E342321CBF920300DC6624 /* Main.storyboard in Resources */ = {isa = PBXBuildFile; fileRef = 87E342301CBF920300DC6624 /* Main.storyboard */; };
		87E342351CBF920300DC6624 /* CATextLayer__AnimationTest.xcdatamodeld in Sources */ = {isa = PBXBuildFile; fileRef = 87E342331CBF920300DC6624 /* CATextLayer__AnimationTest.xcdatamodeld */; };
		87E342371CBF920300DC6624 /* Assets.xcassets in Resources */ = {isa = PBXBuildFile; fileRef = 87E342361CBF920300DC6624 /* Assets.xcassets */; };
		87E3423A1CBF920300DC6624 /* LaunchScreen.storyboard in Resources */ = {isa = PBXBuildFile; fileRef = 87E342381CBF920300DC6624 /* LaunchScreen.storyboard */; };
		87E342451CBF920300DC6624 /* CATextLayer__AnimationTestTests.m in Sources */ = {isa = PBXBuildFile; fileRef = 87E342441CBF920300DC6624 /* CATextLayer__AnimationTestTests.m */; };
		87E342501CBF920300DC6624 /* CATextLayer__AnimationTestUITests.m in Sources */ = {isa = PBXBuildFile; fileRef = 87E3424F1CBF920300DC6624 /* CATextLayer__AnimationTestUITests.m */; };
/* End PBXBuildFile section */

/* Begin PBXContainerItemProxy section */
		87E342411CBF920300DC6624 /* PBXContainerItemProxy */ = {
			isa = PBXContainerItemProxy;
			containerPortal = 87E3421C1CBF920200DC6624 /* Project object */;
			proxyType = 1;
			remoteGlobalIDString = 87E342231CBF920200DC6624;
			remoteInfo = "CATextLayer&&AnimationTest";
		};
		87E3424C1CBF920300DC6624 /* PBXContainerItemProxy */ = {
			isa = PBXContainerItemProxy;
			containerPortal = 87E3421C1CBF920200DC6624 /* Project object */;
			proxyType = 1;
			remoteGlobalIDString = 87E342231CBF920200DC6624;
			remoteInfo = "CATextLayer&&AnimationTest";
		};
/* End PBXContainerItemProxy section */

/* Begin PBXFileReference section */
		87E342241CBF920200DC6624 /* CATextLayer&&AnimationTest.app */ = {isa = PBXFileReference; explicitFileType = wrapper.application; includeInIndex = 0; path = "CATextLayer&&AnimationTest.app"; sourceTree = BUILT_PRODUCTS_DIR; };
		87E342281CBF920300DC6624 /* main.m */ = {isa = PBXFileReference; lastKnownFileType = sourcecode.c.objc; path = main.m; sourceTree = "<group>"; };
		87E3422A1CBF920300DC6624 /* AppDelegate.h */ = {isa = PBXFileReference; lastKnownFileType = sourcecode.c.h; path = AppDelegate.h; sourceTree = "<group>"; };
		87E3422B1CBF920300DC6624 /* AppDelegate.m */ = {isa = PBXFileReference; lastKnownFileType = sourcecode.c.objc; path = AppDelegate.m; sourceTree = "<group>"; };
		87E3422D1CBF920300DC6624 /* ViewController.h */ = {isa = PBXFileReference; lastKnownFileType = sourcecode.c.h; path = ViewController.h; sourceTree = "<group>"; };
		87E3422E1CBF920300DC6624 /* ViewController.m */ = {isa = PBXFileReference; lastKnownFileType = sourcecode.c.objc; path = ViewController.m; sourceTree = "<group>"; };
		87E342311CBF920300DC6624 /* Base */ = {isa = PBXFileReference; lastKnownFileType = file.storyboard; name = Base; path = Base.lproj/Main.storyboard; sourceTree = "<group>"; };
		87E342341CBF920300DC6624 /* CATextLayer__AnimationTest.xcdatamodel */ = {isa = PBXFileReference; lastKnownFileType = wrapper.xcdatamodel; path = CATextLayer__AnimationTest.xcdatamodel; sourceTree = "<group>"; };
		87E342361CBF920300DC6624 /* Assets.xcassets */ = {isa = PBXFileReference; lastKnownFileType = folder.assetcatalog; path = Assets.xcassets; sourceTree = "<group>"; };
		87E342391CBF920300DC6624 /* Base */ = {isa = PBXFileReference; lastKnownFileType = file.storyboard; name = Base; path = Base.lproj/LaunchScreen.storyboard; sourceTree = "<group>"; };
		87E3423B1CBF920300DC6624 /* Info.plist */ = {isa = PBXFileReference; lastKnownFileType = text.plist.xml; path = Info.plist; sourceTree = "<group>"; };
		87E342401CBF920300DC6624 /* CATextLayer&&AnimationTestTests.xctest */ = {isa = PBXFileReference; explicitFileType = wrapper.cfbundle; includeInIndex = 0; path = "CATextLayer&&AnimationTestTests.xctest"; sourceTree = BUILT_PRODUCTS_DIR; };
		87E342441CBF920300DC6624 /* CATextLayer__AnimationTestTests.m */ = {isa = PBXFileReference; lastKnownFileType = sourcecode.c.objc; path = CATextLayer__AnimationTestTests.m; sourceTree = "<group>"; };
		87E342461CBF920300DC6624 /* Info.plist */ = {isa = PBXFileReference; lastKnownFileType = text.plist.xml; path = Info.plist; sourceTree = "<group>"; };
		87E3424B1CBF920300DC6624 /* CATextLayer&&AnimationTestUITests.xctest */ = {isa = PBXFileReference; explicitFileType = wrapper.cfbundle; includeInIndex = 0; path = "CATextLayer&&AnimationTestUITests.xctest"; sourceTree = BUILT_PRODUCTS_DIR; };
		87E3424F1CBF920300DC6624 /* CATextLayer__AnimationTestUITests.m */ = {isa = PBXFileReference; lastKnownFileType = sourcecode.c.objc; path = CATextLayer__AnimationTestUITests.m; sourceTree = "<group>"; };
		87E342511CBF920300DC6624 /* Info.plist */ = {isa = PBXFileReference; lastKnownFileType = text.plist.xml; path = Info.plist; sourceTree = "<group>"; };
/* End PBXFileReference section */

/* Begin PBXFrameworksBuildPhase section */
		87E342211CBF920200DC6624 /* Frameworks */ = {
			isa = PBXFrameworksBuildPhase;
			buildActionMask = 2147483647;
			files = (
			);
			runOnlyForDeploymentPostprocessing = 0;
		};
		87E3423D1CBF920300DC6624 /* Frameworks */ = {
			isa = PBXFrameworksBuildPhase;
			buildActionMask = 2147483647;
			files = (
			);
			runOnlyForDeploymentPostprocessing = 0;
		};
		87E342481CBF920300DC6624 /* Frameworks */ = {
			isa = PBXFrameworksBuildPhase;
			buildActionMask = 2147483647;
			files = (
			);
			runOnlyForDeploymentPostprocessing = 0;
		};
/* End PBXFrameworksBuildPhase section */

/* Begin PBXGroup section */
		87E3421B1CBF920200DC6624 = {
			isa = PBXGroup;
			children = (
				87E342261CBF920200DC6624 /* CATextLayer&&AnimationTest */,
				87E342431CBF920300DC6624 /* CATextLayer&&AnimationTestTests */,
				87E3424E1CBF920300DC6624 /* CATextLayer&&AnimationTestUITests */,
				87E342251CBF920200DC6624 /* Products */,
			);
			sourceTree = "<group>";
		};
		87E342251CBF920200DC6624 /* Products */ = {
			isa = PBXGroup;
			children = (
				87E342241CBF920200DC6624 /* CATextLayer&&AnimationTest.app */,
				87E342401CBF920300DC6624 /* CATextLayer&&AnimationTestTests.xctest */,
				87E3424B1CBF920300DC6624 /* CATextLayer&&AnimationTestUITests.xctest */,
			);
			name = Products;
			sourceTree = "<group>";
		};
		87E342261CBF920200DC6624 /* CATextLayer&&AnimationTest */ = {
			isa = PBXGroup;
			children = (
				87E3422A1CBF920300DC6624 /* AppDelegate.h */,
				87E3422B1CBF920300DC6624 /* AppDelegate.m */,
				87E3422D1CBF920300DC6624 /* ViewController.h */,
				87E3422E1CBF920300DC6624 /* ViewController.m */,
				87E342301CBF920300DC6624 /* Main.storyboard */,
				87E342361CBF920300DC6624 /* Assets.xcassets */,
				87E342381CBF920300DC6624 /* LaunchScreen.storyboard */,
				87E3423B1CBF920300DC6624 /* Info.plist */,
				87E342331CBF920300DC6624 /* CATextLayer__AnimationTest.xcdatamodeld */,
				87E342271CBF920300DC6624 /* Supporting Files */,
			);
			path = "CATextLayer&&AnimationTest";
			sourceTree = "<group>";
		};
		87E342271CBF920300DC6624 /* Supporting Files */ = {
			isa = PBXGroup;
			children = (
				87E342281CBF920300DC6624 /* main.m */,
			);
			name = "Supporting Files";
			sourceTree = "<group>";
		};
		87E342431CBF920300DC6624 /* CATextLayer&&AnimationTestTests */ = {
			isa = PBXGroup;
			children = (
				87E342441CBF920300DC6624 /* CATextLayer__AnimationTestTests.m */,
				87E342461CBF920300DC6624 /* Info.plist */,
			);
			path = "CATextLayer&&AnimationTestTests";
			sourceTree = "<group>";
		};
		87E3424E1CBF920300DC6624 /* CATextLayer&&AnimationTestUITests */ = {
			isa = PBXGroup;
			children = (
				87E3424F1CBF920300DC6624 /* CATextLayer__AnimationTestUITests.m */,
				87E342511CBF920300DC6624 /* Info.plist */,
			);
			path = "CATextLayer&&AnimationTestUITests";
			sourceTree = "<group>";
		};
/* End PBXGroup section */

/* Begin PBXNativeTarget section */
		87E342231CBF920200DC6624 /* CATextLayer&&AnimationTest */ = {
			isa = PBXNativeTarget;
			buildConfigurationList = 87E342541CBF920300DC6624 /* Build configuration list for PBXNativeTarget "CATextLayer&&AnimationTest" */;
			buildPhases = (
				87E342201CBF920200DC6624 /* Sources */,
				87E342211CBF920200DC6624 /* Frameworks */,
				87E342221CBF920200DC6624 /* Resources */,
			);
			buildRules = (
			);
			dependencies = (
			);
			name = "CATextLayer&&AnimationTest";
			productName = "CATextLayer&&AnimationTest";
			productReference = 87E342241CBF920200DC6624 /* CATextLayer&&AnimationTest.app */;
			productType = "com.apple.product-type.application";
		};
		87E3423F1CBF920300DC6624 /* CATextLayer&&AnimationTestTests */ = {
			isa = PBXNativeTarget;
			buildConfigurationList = 87E342571CBF920300DC6624 /* Build configuration list for PBXNativeTarget "CATextLayer&&AnimationTestTests" */;
			buildPhases = (
				87E3423C1CBF920300DC6624 /* Sources */,
				87E3423D1CBF920300DC6624 /* Frameworks */,
				87E3423E1CBF920300DC6624 /* Resources */,
			);
			buildRules = (
			);
			dependencies = (
				87E342421CBF920300DC6624 /* PBXTargetDependency */,
			);
			name = "CATextLayer&&AnimationTestTests";
			productName = "CATextLayer&&AnimationTestTests";
			productReference = 87E342401CBF920300DC6624 /* CATextLayer&&AnimationTestTests.xctest */;
			productType = "com.apple.product-type.bundle.unit-test";
		};
		87E3424A1CBF920300DC6624 /* CATextLayer&&AnimationTestUITests */ = {
			isa = PBXNativeTarget;
			buildConfigurationList = 87E3425A1CBF920300DC6624 /* Build configuration list for PBXNativeTarget "CATextLayer&&AnimationTestUITests" */;
			buildPhases = (
				87E342471CBF920300DC6624 /* Sources */,
				87E342481CBF920300DC6624 /* Frameworks */,
				87E342491CBF920300DC6624 /* Resources */,
			);
			buildRules = (
			);
			dependencies = (
				87E3424D1CBF920300DC6624 /* PBXTargetDependency */,
			);
			name = "CATextLayer&&AnimationTestUITests";
			productName = "CATextLayer&&AnimationTestUITests";
			productReference = 87E3424B1CBF920300DC6624 /* CATextLayer&&AnimationTestUITests.xctest */;
			productType = "com.apple.product-type.bundle.ui-testing";
		};
/* End PBXNativeTarget section */

/* Begin PBXProject section */
		87E3421C1CBF920200DC6624 /* Project object */ = {
			isa = PBXProject;
			attributes = {
				LastUpgradeCheck = 0710;
				ORGANIZATIONNAME = Aotu;
				TargetAttributes = {
					87E342231CBF920200DC6624 = {
						CreatedOnToolsVersion = 7.1;
					};
					87E3423F1CBF920300DC6624 = {
						CreatedOnToolsVersion = 7.1;
						TestTargetID = 87E342231CBF920200DC6624;
					};
					87E3424A1CBF920300DC6624 = {
						CreatedOnToolsVersion = 7.1;
						TestTargetID = 87E342231CBF920200DC6624;
					};
				};
			};
			buildConfigurationList = 87E3421F1CBF920200DC6624 /* Build configuration list for PBXProject "CATextLayer&&AnimationTest" */;
			compatibilityVersion = "Xcode 3.2";
			developmentRegion = English;
			hasScannedForEncodings = 0;
			knownRegions = (
				en,
				Base,
			);
			mainGroup = 87E3421B1CBF920200DC6624;
			productRefGroup = 87E342251CBF920200DC6624 /* Products */;
			projectDirPath = "";
			projectRoot = "";
			targets = (
				87E342231CBF920200DC6624 /* CATextLayer&&AnimationTest */,
				87E3423F1CBF920300DC6624 /* CATextLayer&&AnimationTestTests */,
				87E3424A1CBF920300DC6624 /* CATextLayer&&AnimationTestUITests */,
			);
		};
/* End PBXProject section */

/* Begin PBXResourcesBuildPhase section */
		87E342221CBF920200DC6624 /* Resources */ = {
			isa = PBXResourcesBuildPhase;
			buildActionMask = 2147483647;
			files = (
				87E3423A1CBF920300DC6624 /* LaunchScreen.storyboard in Resources */,
				87E342371CBF920300DC6624 /* Assets.xcassets in Resources */,
				87E342321CBF920300DC6624 /* Main.storyboard in Resources */,
			);
			runOnlyForDeploymentPostprocessing = 0;
		};
		87E3423E1CBF920300DC6624 /* Resources */ = {
			isa = PBXResourcesBuildPhase;
			buildActionMask = 2147483647;
			files = (
			);
			runOnlyForDeploymentPostprocessing = 0;
		};
		87E342491CBF920300DC6624 /* Resources */ = {
			isa = PBXResourcesBuildPhase;
			buildActionMask = 2147483647;
			files = (
			);
			runOnlyForDeploymentPostprocessing = 0;
		};
/* End PBXResourcesBuildPhase section */

/* Begin PBXSourcesBuildPhase section */
		87E342201CBF920200DC6624 /* Sources */ = {
			isa = PBXSourcesBuildPhase;
			buildActionMask = 2147483647;
			files = (
				87E3422F1CBF920300DC6624 /* ViewController.m in Sources */,
				87E3422C1CBF920300DC6624 /* AppDelegate.m in Sources */,
				87E342291CBF920300DC6624 /* main.m in Sources */,
				87E342351CBF920300DC6624 /* CATextLayer__AnimationTest.xcdatamodeld in Sources */,
			);
			runOnlyForDeploymentPostprocessing = 0;
		};
		87E3423C1CBF920300DC6624 /* Sources */ = {
			isa = PBXSourcesBuildPhase;
			buildActionMask = 2147483647;
			files = (
				87E342451CBF920300DC6624 /* CATextLayer__AnimationTestTests.m in Sources */,
			);
			runOnlyForDeploymentPostprocessing = 0;
		};
		87E342471CBF920300DC6624 /* Sources */ = {
			isa = PBXSourcesBuildPhase;
			buildActionMask = 2147483647;
			files = (
				87E342501CBF920300DC6624 /* CATextLayer__AnimationTestUITests.m in Sources */,
			);
			runOnlyForDeploymentPostprocessing = 0;
		};
/* End PBXSourcesBuildPhase section */

/* Begin PBXTargetDependency section */
		87E342421CBF920300DC6624 /* PBXTargetDependency */ = {
			isa = PBXTargetDependency;
			target = 87E342231CBF920200DC6624 /* CATextLayer&&AnimationTest */;
			targetProxy = 87E342411CBF920300DC6624 /* PBXContainerItemProxy */;
		};
		87E3424D1CBF920300DC6624 /* PBXTargetDependency */ = {
			isa = PBXTargetDependency;
			target = 87E342231CBF920200DC6624 /* CATextLayer&&AnimationTest */;
			targetProxy = 87E3424C1CBF920300DC6624 /* PBXContainerItemProxy */;
		};
/* End PBXTargetDependency section */

/* Begin PBXVariantGroup section */
		87E342301CBF920300DC6624 /* Main.storyboard */ = {
			isa = PBXVariantGroup;
			children = (
				87E342311CBF920300DC6624 /* Base */,
			);
			name = Main.storyboard;
			sourceTree = "<group>";
		};
		87E342381CBF920300DC6624 /* LaunchScreen.storyboard */ = {
			isa = PBXVariantGroup;
			children = (
				87E342391CBF920300DC6624 /* Base */,
			);
			name = LaunchScreen.storyboard;
			sourceTree = "<group>";
		};
/* End PBXVariantGroup section */

/* Begin XCBuildConfiguration section */
		87E342521CBF920300DC6624 /* Debug */ = {
			isa = XCBuildConfiguration;
			buildSettings = {
				ALWAYS_SEARCH_USER_PATHS = NO;
				CLANG_CXX_LANGUAGE_STANDARD = "gnu++0x";
				CLANG_CXX_LIBRARY = "libc++";
				CLANG_ENABLE_MODULES = YES;
				CLANG_ENABLE_OBJC_ARC = YES;
				CLANG_WARN_BOOL_CONVERSION = YES;
				CLANG_WARN_CONSTANT_CONVERSION = YES;
				CLANG_WARN_DIRECT_OBJC_ISA_USAGE = YES_ERROR;
				CLANG_WARN_EMPTY_BODY = YES;
				CLANG_WARN_ENUM_CONVERSION = YES;
				CLANG_WARN_INT_CONVERSION = YES;
				CLANG_WARN_OBJC_ROOT_CLASS = YES_ERROR;
				CLANG_WARN_UNREACHABLE_CODE = YES;
				CLANG_WARN__DUPLICATE_METHOD_MATCH = YES;
				"CODE_SIGN_IDENTITY[sdk=iphoneos*]" = "iPhone Developer";
				COPY_PHASE_STRIP = NO;
				DEBUG_INFORMATION_FORMAT = dwarf;
				ENABLE_STRICT_OBJC_MSGSEND = YES;
				ENABLE_TESTABILITY = YES;
				GCC_C_LANGUAGE_STANDARD = gnu99;
				GCC_DYNAMIC_NO_PIC = NO;
				GCC_NO_COMMON_BLOCKS = YES;
				GCC_OPTIMIZATION_LEVEL = 0;
				GCC_PREPROCESSOR_DEFINITIONS = (
					"DEBUG=1",
					"$(inherited)",
				);
				GCC_WARN_64_TO_32_BIT_CONVERSION = YES;
				GCC_WARN_ABOUT_RETURN_TYPE = YES_ERROR;
				GCC_WARN_UNDECLARED_SELECTOR = YES;
				GCC_WARN_UNINITIALIZED_AUTOS = YES_AGGRESSIVE;
				GCC_WARN_UNUSED_FUNCTION = YES;
				GCC_WARN_UNUSED_VARIABLE = YES;
				IPHONEOS_DEPLOYMENT_TARGET = 9.1;
				MTL_ENABLE_DEBUG_INFO = YES;
				ONLY_ACTIVE_ARCH = YES;
				SDKROOT = iphoneos;
			};
			name = Debug;
		};
		87E342531CBF920300DC6624 /* Release */ = {
			isa = XCBuildConfiguration;
			buildSettings = {
				ALWAYS_SEARCH_USER_PATHS = NO;
				CLANG_CXX_LANGUAGE_STANDARD = "gnu++0x";
				CLANG_CXX_LIBRARY = "libc++";
				CLANG_ENABLE_MODULES = YES;
				CLANG_ENABLE_OBJC_ARC = YES;
				CLANG_WARN_BOOL_CONVERSION = YES;
				CLANG_WARN_CONSTANT_CONVERSION = YES;
				CLANG_WARN_DIRECT_OBJC_ISA_USAGE = YES_ERROR;
				CLANG_WARN_EMPTY_BODY = YES;
				CLANG_WARN_ENUM_CONVERSION = YES;
				CLANG_WARN_INT_CONVERSION = YES;
				CLANG_WARN_OBJC_ROOT_CLASS = YES_ERROR;
				CLANG_WARN_UNREACHABLE_CODE = YES;
				CLANG_WARN__DUPLICATE_METHOD_MATCH = YES;
				"CODE_SIGN_IDENTITY[sdk=iphoneos*]" = "iPhone Developer";
				COPY_PHASE_STRIP = NO;
				DEBUG_INFORMATION_FORMAT = "dwarf-with-dsym";
				ENABLE_NS_ASSERTIONS = NO;
				ENABLE_STRICT_OBJC_MSGSEND = YES;
				GCC_C_LANGUAGE_STANDARD = gnu99;
				GCC_NO_COMMON_BLOCKS = YES;
				GCC_WARN_64_TO_32_BIT_CONVERSION = YES;
				GCC_WARN_ABOUT_RETURN_TYPE = YES_ERROR;
				GCC_WARN_UNDECLARED_SELECTOR = YES;
				GCC_WARN_UNINITIALIZED_AUTOS = YES_AGGRESSIVE;
				GCC_WARN_UNUSED_FUNCTION = YES;
				GCC_WARN_UNUSED_VARIABLE = YES;
				IPHONEOS_DEPLOYMENT_TARGET = 9.1;
				MTL_ENABLE_DEBUG_INFO = NO;
				SDKROOT = iphoneos;
				VALIDATE_PRODUCT = YES;
			};
			name = Release;
		};
		87E342551CBF920300DC6624 /* Debug */ = {
			isa = XCBuildConfiguration;
			buildSettings = {
				ASSETCATALOG_COMPILER_APPICON_NAME = AppIcon;
				INFOPLIST_FILE = "CATextLayer&&AnimationTest/Info.plist";
				LD_RUNPATH_SEARCH_PATHS = "$(inherited) @executable_path/Frameworks";
				PRODUCT_BUNDLE_IDENTIFIER = "qianhaichuanqi.CATextLayer--AnimationTest";
				PRODUCT_NAME = "$(TARGET_NAME)";
			};
			name = Debug;
		};
		87E342561CBF920300DC6624 /* Release */ = {
			isa = XCBuildConfiguration;
			buildSettings = {
				ASSETCATALOG_COMPILER_APPICON_NAME = AppIcon;
				INFOPLIST_FILE = "CATextLayer&&AnimationTest/Info.plist";
				LD_RUNPATH_SEARCH_PATHS = "$(inherited) @executable_path/Frameworks";
				PRODUCT_BUNDLE_IDENTIFIER = "qianhaichuanqi.CATextLayer--AnimationTest";
				PRODUCT_NAME = "$(TARGET_NAME)";
			};
			name = Release;
		};
		87E342581CBF920300DC6624 /* Debug */ = {
			isa = XCBuildConfiguration;
			buildSettings = {
				BUNDLE_LOADER = "$(TEST_HOST)";
				INFOPLIST_FILE = "CATextLayer&&AnimationTestTests/Info.plist";
				LD_RUNPATH_SEARCH_PATHS = "$(inherited) @executable_path/Frameworks @loader_path/Frameworks";
				PRODUCT_BUNDLE_IDENTIFIER = "qianhaichuanqi.CATextLayer--AnimationTestTests";
				PRODUCT_NAME = "$(TARGET_NAME)";
				TEST_HOST = "$(BUILT_PRODUCTS_DIR)/CATextLayer&&AnimationTest.app/CATextLayer&&AnimationTest";
			};
			name = Debug;
		};
		87E342591CBF920300DC6624 /* Release */ = {
			isa = XCBuildConfiguration;
			buildSettings = {
				BUNDLE_LOADER = "$(TEST_HOST)";
				INFOPLIST_FILE = "CATextLayer&&AnimationTestTests/Info.plist";
				LD_RUNPATH_SEARCH_PATHS = "$(inherited) @executable_path/Frameworks @loader_path/Frameworks";
				PRODUCT_BUNDLE_IDENTIFIER = "qianhaichuanqi.CATextLayer--AnimationTestTests";
				PRODUCT_NAME = "$(TARGET_NAME)";
				TEST_HOST = "$(BUILT_PRODUCTS_DIR)/CATextLayer&&AnimationTest.app/CATextLayer&&AnimationTest";
			};
			name = Release;
		};
		87E3425B1CBF920300DC6624 /* Debug */ = {
			isa = XCBuildConfiguration;
			buildSettings = {
				INFOPLIST_FILE = "CATextLayer&&AnimationTestUITests/Info.plist";
				LD_RUNPATH_SEARCH_PATHS = "$(inherited) @executable_path/Frameworks @loader_path/Frameworks";
				PRODUCT_BUNDLE_IDENTIFIER = "qianhaichuanqi.CATextLayer--AnimationTestUITests";
				PRODUCT_NAME = "$(TARGET_NAME)";
				TEST_TARGET_NAME = "CATextLayer&&AnimationTest";
				USES_XCTRUNNER = YES;
			};
			name = Debug;
		};
		87E3425C1CBF920300DC6624 /* Release */ = {
			isa = XCBuildConfiguration;
			buildSettings = {
				INFOPLIST_FILE = "CATextLayer&&AnimationTestUITests/Info.plist";
				LD_RUNPATH_SEARCH_PATHS = "$(inherited) @executable_path/Frameworks @loader_path/Frameworks";
				PRODUCT_BUNDLE_IDENTIFIER = "qianhaichuanqi.CATextLayer--AnimationTestUITests";
				PRODUCT_NAME = "$(TARGET_NAME)";
				TEST_TARGET_NAME = "CATextLayer&&AnimationTest";
				USES_XCTRUNNER = YES;
			};
			name = Release;
		};
/* End XCBuildConfiguration section */

/* Begin XCConfigurationList section */
		87E3421F1CBF920200DC6624 /* Build configuration list for PBXProject "CATextLayer&&AnimationTest" */ = {
			isa = XCConfigurationList;
			buildConfigurations = (
				87E342521CBF920300DC6624 /* Debug */,
				87E342531CBF920300DC6624 /* Release */,
			);
			defaultConfigurationIsVisible = 0;
			defaultConfigurationName = Release;
		};
		87E342541CBF920300DC6624 /* Build configuration list for PBXNativeTarget "CATextLayer&&AnimationTest" */ = {
			isa = XCConfigurationList;
			buildConfigurations = (
				87E342551CBF920300DC6624 /* Debug */,
				87E342561CBF920300DC6624 /* Release */,
			);
			defaultConfigurationIsVisible = 0;
		};
		87E342571CBF920300DC6624 /* Build configuration list for PBXNativeTarget "CATextLayer&&AnimationTestTests" */ = {
			isa = XCConfigurationList;
			buildConfigurations = (
				87E342581CBF920300DC6624 /* Debug */,
				87E342591CBF920300DC6624 /* Release */,
			);
			defaultConfigurationIsVisible = 0;
		};
		87E3425A1CBF920300DC6624 /* Build configuration list for PBXNativeTarget "CATextLayer&&AnimationTestUITests" */ = {
			isa = XCConfigurationList;
			buildConfigurations = (
				87E3425B1CBF920300DC6624 /* Debug */,
				87E3425C1CBF920300DC6624 /* Release */,
			);
			defaultConfigurationIsVisible = 0;
		};
/* End XCConfigurationList section */

/* Begin XCVersionGroup section */
		87E342331CBF920300DC6624 /* CATextLayer__AnimationTest.xcdatamodeld */ = {
			isa = XCVersionGroup;
			children = (
				87E342341CBF920300DC6624 /* CATextLayer__AnimationTest.xcdatamodel */,
			);
			currentVersion = 87E342341CBF920300DC6624 /* CATextLayer__AnimationTest.xcdatamodel */;
			path = CATextLayer__AnimationTest.xcdatamodeld;
			sourceTree = "<group>";
			versionGroupType = wrapper.xcdatamodel;
		};
/* End XCVersionGroup section */
	};
	rootObject = 87E3421C1CBF920200DC6624 /* Project object */;
}
