// !$*UTF8*$!
{
	archiveVersion = 1;
	classes = {
	};
	objectVersion = 46;
	objects = {

/* Begin PBXBuildFile section */
		875F705F1CB5FFB400D06935 /* main.m in Sources */ = {isa = PBXBuildFile; fileRef = 875F705E1CB5FFB400D06935 /* main.m */; };
		875F70621CB5FFB400D06935 /* AppDelegate.m in Sources */ = {isa = PBXBuildFile; fileRef = 875F70611CB5FFB400D06935 /* AppDelegate.m */; };
		875F70651CB5FFB400D06935 /* ViewController.m in Sources */ = {isa = PBXBuildFile; fileRef = 875F70641CB5FFB400D06935 /* ViewController.m */; };
		875F70681CB5FFB400D06935 /* Main.storyboard in Resources */ = {isa = PBXBuildFile; fileRef = 875F70661CB5FFB400D06935 /* Main.storyboard */; };
		875F706B1CB5FFB400D06935 /* LineExtendWithStar.xcdatamodeld in Sources */ = {isa = PBXBuildFile; fileRef = 875F70691CB5FFB400D06935 /* LineExtendWithStar.xcdatamodeld */; };
		875F706D1CB5FFB400D06935 /* Assets.xcassets in Resources */ = {isa = PBXBuildFile; fileRef = 875F706C1CB5FFB400D06935 /* Assets.xcassets */; };
		875F70701CB5FFB400D06935 /* LaunchScreen.storyboard in Resources */ = {isa = PBXBuildFile; fileRef = 875F706E1CB5FFB400D06935 /* LaunchScreen.storyboard */; };
		875F707B1CB5FFB400D06935 /* LineExtendWithStarTests.m in Sources */ = {isa = PBXBuildFile; fileRef = 875F707A1CB5FFB400D06935 /* LineExtendWithStarTests.m */; };
		875F70861CB5FFB400D06935 /* LineExtendWithStarUITests.m in Sources */ = {isa = PBXBuildFile; fileRef = 875F70851CB5FFB400D06935 /* LineExtendWithStarUITests.m */; };
		875F70951CB5FFD800D06935 /* Line.m in Sources */ = {isa = PBXBuildFile; fileRef = 875F70941CB5FFD800D06935 /* Line.m */; };
		875F70981CB6027500D06935 /* StarViewController.m in Sources */ = {isa = PBXBuildFile; fileRef = 875F70971CB6027500D06935 /* StarViewController.m */; };
/* End PBXBuildFile section */

/* Begin PBXContainerItemProxy section */
		875F70771CB5FFB400D06935 /* PBXContainerItemProxy */ = {
			isa = PBXContainerItemProxy;
			containerPortal = 875F70521CB5FFB400D06935 /* Project object */;
			proxyType = 1;
			remoteGlobalIDString = 875F70591CB5FFB400D06935;
			remoteInfo = LineExtendWithStar;
		};
		875F70821CB5FFB400D06935 /* PBXContainerItemProxy */ = {
			isa = PBXContainerItemProxy;
			containerPortal = 875F70521CB5FFB400D06935 /* Project object */;
			proxyType = 1;
			remoteGlobalIDString = 875F70591CB5FFB400D06935;
			remoteInfo = LineExtendWithStar;
		};
/* End PBXContainerItemProxy section */

/* Begin PBXFileReference section */
		875F705A1CB5FFB400D06935 /* LineExtendWithStar.app */ = {isa = PBXFileReference; explicitFileType = wrapper.application; includeInIndex = 0; path = LineExtendWithStar.app; sourceTree = BUILT_PRODUCTS_DIR; };
		875F705E1CB5FFB400D06935 /* main.m */ = {isa = PBXFileReference; lastKnownFileType = sourcecode.c.objc; path = main.m; sourceTree = "<group>"; };
		875F70601CB5FFB400D06935 /* AppDelegate.h */ = {isa = PBXFileReference; lastKnownFileType = sourcecode.c.h; path = AppDelegate.h; sourceTree = "<group>"; };
		875F70611CB5FFB400D06935 /* AppDelegate.m */ = {isa = PBXFileReference; lastKnownFileType = sourcecode.c.objc; path = AppDelegate.m; sourceTree = "<group>"; };
		875F70631CB5FFB400D06935 /* ViewController.h */ = {isa = PBXFileReference; lastKnownFileType = sourcecode.c.h; path = ViewController.h; sourceTree = "<group>"; };
		875F70641CB5FFB400D06935 /* ViewController.m */ = {isa = PBXFileReference; lastKnownFileType = sourcecode.c.objc; path = ViewController.m; sourceTree = "<group>"; };
		875F70671CB5FFB400D06935 /* Base */ = {isa = PBXFileReference; lastKnownFileType = file.storyboard; name = Base; path = Base.lproj/Main.storyboard; sourceTree = "<group>"; };
		875F706A1CB5FFB400D06935 /* LineExtendWithStar.xcdatamodel */ = {isa = PBXFileReference; lastKnownFileType = wrapper.xcdatamodel; path = LineExtendWithStar.xcdatamodel; sourceTree = "<group>"; };
		875F706C1CB5FFB400D06935 /* Assets.xcassets */ = {isa = PBXFileReference; lastKnownFileType = folder.assetcatalog; path = Assets.xcassets; sourceTree = "<group>"; };
		875F706F1CB5FFB400D06935 /* Base */ = {isa = PBXFileReference; lastKnownFileType = file.storyboard; name = Base; path = Base.lproj/LaunchScreen.storyboard; sourceTree = "<group>"; };
		875F70711CB5FFB400D06935 /* Info.plist */ = {isa = PBXFileReference; lastKnownFileType = text.plist.xml; path = Info.plist; sourceTree = "<group>"; };
		875F70761CB5FFB400D06935 /* LineExtendWithStarTests.xctest */ = {isa = PBXFileReference; explicitFileType = wrapper.cfbundle; includeInIndex = 0; path = LineExtendWithStarTests.xctest; sourceTree = BUILT_PRODUCTS_DIR; };
		875F707A1CB5FFB400D06935 /* LineExtendWithStarTests.m */ = {isa = PBXFileReference; lastKnownFileType = sourcecode.c.objc; path = LineExtendWithStarTests.m; sourceTree = "<group>"; };
		875F707C1CB5FFB400D06935 /* Info.plist */ = {isa = PBXFileReference; lastKnownFileType = text.plist.xml; path = Info.plist; sourceTree = "<group>"; };
		875F70811CB5FFB400D06935 /* LineExtendWithStarUITests.xctest */ = {isa = PBXFileReference; explicitFileType = wrapper.cfbundle; includeInIndex = 0; path = LineExtendWithStarUITests.xctest; sourceTree = BUILT_PRODUCTS_DIR; };
		875F70851CB5FFB400D06935 /* LineExtendWithStarUITests.m */ = {isa = PBXFileReference; lastKnownFileType = sourcecode.c.objc; path = LineExtendWithStarUITests.m; sourceTree = "<group>"; };
		875F70871CB5FFB400D06935 /* Info.plist */ = {isa = PBXFileReference; lastKnownFileType = text.plist.xml; path = Info.plist; sourceTree = "<group>"; };
		875F70931CB5FFD800D06935 /* Line.h */ = {isa = PBXFileReference; fileEncoding = 4; lastKnownFileType = sourcecode.c.h; path = Line.h; sourceTree = "<group>"; };
		875F70941CB5FFD800D06935 /* Line.m */ = {isa = PBXFileReference; fileEncoding = 4; lastKnownFileType = sourcecode.c.objc; path = Line.m; sourceTree = "<group>"; };
		875F70961CB6027500D06935 /* StarViewController.h */ = {isa = PBXFileReference; fileEncoding = 4; lastKnownFileType = sourcecode.c.h; path = StarViewController.h; sourceTree = "<group>"; };
		875F70971CB6027500D06935 /* StarViewController.m */ = {isa = PBXFileReference; fileEncoding = 4; lastKnownFileType = sourcecode.c.objc; path = StarViewController.m; sourceTree = "<group>"; };
/* End PBXFileReference section */

/* Begin PBXFrameworksBuildPhase section */
		875F70571CB5FFB400D06935 /* Frameworks */ = {
			isa = PBXFrameworksBuildPhase;
			buildActionMask = 2147483647;
			files = (
			);
			runOnlyForDeploymentPostprocessing = 0;
		};
		875F70731CB5FFB400D06935 /* Frameworks */ = {
			isa = PBXFrameworksBuildPhase;
			buildActionMask = 2147483647;
			files = (
			);
			runOnlyForDeploymentPostprocessing = 0;
		};
		875F707E1CB5FFB400D06935 /* Frameworks */ = {
			isa = PBXFrameworksBuildPhase;
			buildActionMask = 2147483647;
			files = (
			);
			runOnlyForDeploymentPostprocessing = 0;
		};
/* End PBXFrameworksBuildPhase section */

/* Begin PBXGroup section */
		875F70511CB5FFB400D06935 = {
			isa = PBXGroup;
			children = (
				875F705C1CB5FFB400D06935 /* LineExtendWithStar */,
				875F70791CB5FFB400D06935 /* LineExtendWithStarTests */,
				875F70841CB5FFB400D06935 /* LineExtendWithStarUITests */,
				875F705B1CB5FFB400D06935 /* Products */,
			);
			sourceTree = "<group>";
		};
		875F705B1CB5FFB400D06935 /* Products */ = {
			isa = PBXGroup;
			children = (
				875F705A1CB5FFB400D06935 /* LineExtendWithStar.app */,
				875F70761CB5FFB400D06935 /* LineExtendWithStarTests.xctest */,
				875F70811CB5FFB400D06935 /* LineExtendWithStarUITests.xctest */,
			);
			name = Products;
			sourceTree = "<group>";
		};
		875F705C1CB5FFB400D06935 /* LineExtendWithStar */ = {
			isa = PBXGroup;
			children = (
				875F70601CB5FFB400D06935 /* AppDelegate.h */,
				875F70611CB5FFB400D06935 /* AppDelegate.m */,
				875F70631CB5FFB400D06935 /* ViewController.h */,
				875F70641CB5FFB400D06935 /* ViewController.m */,
				875F70961CB6027500D06935 /* StarViewController.h */,
				875F70971CB6027500D06935 /* StarViewController.m */,
				875F70931CB5FFD800D06935 /* Line.h */,
				875F70941CB5FFD800D06935 /* Line.m */,
				875F70661CB5FFB400D06935 /* Main.storyboard */,
				875F706C1CB5FFB400D06935 /* Assets.xcassets */,
				875F706E1CB5FFB400D06935 /* LaunchScreen.storyboard */,
				875F70711CB5FFB400D06935 /* Info.plist */,
				875F70691CB5FFB400D06935 /* LineExtendWithStar.xcdatamodeld */,
				875F705D1CB5FFB400D06935 /* Supporting Files */,
			);
			path = LineExtendWithStar;
			sourceTree = "<group>";
		};
		875F705D1CB5FFB400D06935 /* Supporting Files */ = {
			isa = PBXGroup;
			children = (
				875F705E1CB5FFB400D06935 /* main.m */,
			);
			name = "Supporting Files";
			sourceTree = "<group>";
		};
		875F70791CB5FFB400D06935 /* LineExtendWithStarTests */ = {
			isa = PBXGroup;
			children = (
				875F707A1CB5FFB400D06935 /* LineExtendWithStarTests.m */,
				875F707C1CB5FFB400D06935 /* Info.plist */,
			);
			path = LineExtendWithStarTests;
			sourceTree = "<group>";
		};
		875F70841CB5FFB400D06935 /* LineExtendWithStarUITests */ = {
			isa = PBXGroup;
			children = (
				875F70851CB5FFB400D06935 /* LineExtendWithStarUITests.m */,
				875F70871CB5FFB400D06935 /* Info.plist */,
			);
			path = LineExtendWithStarUITests;
			sourceTree = "<group>";
		};
/* End PBXGroup section */

/* Begin PBXNativeTarget section */
		875F70591CB5FFB400D06935 /* LineExtendWithStar */ = {
			isa = PBXNativeTarget;
			buildConfigurationList = 875F708A1CB5FFB400D06935 /* Build configuration list for PBXNativeTarget "LineExtendWithStar" */;
			buildPhases = (
				875F70561CB5FFB400D06935 /* Sources */,
				875F70571CB5FFB400D06935 /* Frameworks */,
				875F70581CB5FFB400D06935 /* Resources */,
			);
			buildRules = (
			);
			dependencies = (
			);
			name = LineExtendWithStar;
			productName = LineExtendWithStar;
			productReference = 875F705A1CB5FFB400D06935 /* LineExtendWithStar.app */;
			productType = "com.apple.product-type.application";
		};
		875F70751CB5FFB400D06935 /* LineExtendWithStarTests */ = {
			isa = PBXNativeTarget;
			buildConfigurationList = 875F708D1CB5FFB400D06935 /* Build configuration list for PBXNativeTarget "LineExtendWithStarTests" */;
			buildPhases = (
				875F70721CB5FFB400D06935 /* Sources */,
				875F70731CB5FFB400D06935 /* Frameworks */,
				875F70741CB5FFB400D06935 /* Resources */,
			);
			buildRules = (
			);
			dependencies = (
				875F70781CB5FFB400D06935 /* PBXTargetDependency */,
			);
			name = LineExtendWithStarTests;
			productName = LineExtendWithStarTests;
			productReference = 875F70761CB5FFB400D06935 /* LineExtendWithStarTests.xctest */;
			productType = "com.apple.product-type.bundle.unit-test";
		};
		875F70801CB5FFB400D06935 /* LineExtendWithStarUITests */ = {
			isa = PBXNativeTarget;
			buildConfigurationList = 875F70901CB5FFB400D06935 /* Build configuration list for PBXNativeTarget "LineExtendWithStarUITests" */;
			buildPhases = (
				875F707D1CB5FFB400D06935 /* Sources */,
				875F707E1CB5FFB400D06935 /* Frameworks */,
				875F707F1CB5FFB400D06935 /* Resources */,
			);
			buildRules = (
			);
			dependencies = (
				875F70831CB5FFB400D06935 /* PBXTargetDependency */,
			);
			name = LineExtendWithStarUITests;
			productName = LineExtendWithStarUITests;
			productReference = 875F70811CB5FFB400D06935 /* LineExtendWithStarUITests.xctest */;
			productType = "com.apple.product-type.bundle.ui-testing";
		};
/* End PBXNativeTarget section */

/* Begin PBXProject section */
		875F70521CB5FFB400D06935 /* Project object */ = {
			isa = PBXProject;
			attributes = {
				LastUpgradeCheck = 0710;
				ORGANIZATIONNAME = Aotu;
				TargetAttributes = {
					875F70591CB5FFB400D06935 = {
						CreatedOnToolsVersion = 7.1;
					};
					875F70751CB5FFB400D06935 = {
						CreatedOnToolsVersion = 7.1;
						TestTargetID = 875F70591CB5FFB400D06935;
					};
					875F70801CB5FFB400D06935 = {
						CreatedOnToolsVersion = 7.1;
						TestTargetID = 875F70591CB5FFB400D06935;
					};
				};
			};
			buildConfigurationList = 875F70551CB5FFB400D06935 /* Build configuration list for PBXProject "LineExtendWithStar" */;
			compatibilityVersion = "Xcode 3.2";
			developmentRegion = English;
			hasScannedForEncodings = 0;
			knownRegions = (
				en,
				Base,
			);
			mainGroup = 875F70511CB5FFB400D06935;
			productRefGroup = 875F705B1CB5FFB400D06935 /* Products */;
			projectDirPath = "";
			projectRoot = "";
			targets = (
				875F70591CB5FFB400D06935 /* LineExtendWithStar */,
				875F70751CB5FFB400D06935 /* LineExtendWithStarTests */,
				875F70801CB5FFB400D06935 /* LineExtendWithStarUITests */,
			);
		};
/* End PBXProject section */

/* Begin PBXResourcesBuildPhase section */
		875F70581CB5FFB400D06935 /* Resources */ = {
			isa = PBXResourcesBuildPhase;
			buildActionMask = 2147483647;
			files = (
				875F70701CB5FFB400D06935 /* LaunchScreen.storyboard in Resources */,
				875F706D1CB5FFB400D06935 /* Assets.xcassets in Resources */,
				875F70681CB5FFB400D06935 /* Main.storyboard in Resources */,
			);
			runOnlyForDeploymentPostprocessing = 0;
		};
		875F70741CB5FFB400D06935 /* Resources */ = {
			isa = PBXResourcesBuildPhase;
			buildActionMask = 2147483647;
			files = (
			);
			runOnlyForDeploymentPostprocessing = 0;
		};
		875F707F1CB5FFB400D06935 /* Resources */ = {
			isa = PBXResourcesBuildPhase;
			buildActionMask = 2147483647;
			files = (
			);
			runOnlyForDeploymentPostprocessing = 0;
		};
/* End PBXResourcesBuildPhase section */

/* Begin PBXSourcesBuildPhase section */
		875F70561CB5FFB400D06935 /* Sources */ = {
			isa = PBXSourcesBuildPhase;
			buildActionMask = 2147483647;
			files = (
				875F70951CB5FFD800D06935 /* Line.m in Sources */,
				875F70651CB5FFB400D06935 /* ViewController.m in Sources */,
				875F70981CB6027500D06935 /* StarViewController.m in Sources */,
				875F706B1CB5FFB400D06935 /* LineExtendWithStar.xcdatamodeld in Sources */,
				875F70621CB5FFB400D06935 /* AppDelegate.m in Sources */,
				875F705F1CB5FFB400D06935 /* main.m in Sources */,
			);
			runOnlyForDeploymentPostprocessing = 0;
		};
		875F70721CB5FFB400D06935 /* Sources */ = {
			isa = PBXSourcesBuildPhase;
			buildActionMask = 2147483647;
			files = (
				875F707B1CB5FFB400D06935 /* LineExtendWithStarTests.m in Sources */,
			);
			runOnlyForDeploymentPostprocessing = 0;
		};
		875F707D1CB5FFB400D06935 /* Sources */ = {
			isa = PBXSourcesBuildPhase;
			buildActionMask = 2147483647;
			files = (
				875F70861CB5FFB400D06935 /* LineExtendWithStarUITests.m in Sources */,
			);
			runOnlyForDeploymentPostprocessing = 0;
		};
/* End PBXSourcesBuildPhase section */

/* Begin PBXTargetDependency section */
		875F70781CB5FFB400D06935 /* PBXTargetDependency */ = {
			isa = PBXTargetDependency;
			target = 875F70591CB5FFB400D06935 /* LineExtendWithStar */;
			targetProxy = 875F70771CB5FFB400D06935 /* PBXContainerItemProxy */;
		};
		875F70831CB5FFB400D06935 /* PBXTargetDependency */ = {
			isa = PBXTargetDependency;
			target = 875F70591CB5FFB400D06935 /* LineExtendWithStar */;
			targetProxy = 875F70821CB5FFB400D06935 /* PBXContainerItemProxy */;
		};
/* End PBXTargetDependency section */

/* Begin PBXVariantGroup section */
		875F70661CB5FFB400D06935 /* Main.storyboard */ = {
			isa = PBXVariantGroup;
			children = (
				875F70671CB5FFB400D06935 /* Base */,
			);
			name = Main.storyboard;
			sourceTree = "<group>";
		};
		875F706E1CB5FFB400D06935 /* LaunchScreen.storyboard */ = {
			isa = PBXVariantGroup;
			children = (
				875F706F1CB5FFB400D06935 /* Base */,
			);
			name = LaunchScreen.storyboard;
			sourceTree = "<group>";
		};
/* End PBXVariantGroup section */

/* Begin XCBuildConfiguration section */
		875F70881CB5FFB400D06935 /* Debug */ = {
			isa = XCBuildConfiguration;
			buildSettings = {
				ALWAYS_SEARCH_USER_PATHS = NO;
				CLANG_CXX_LANGUAGE_STANDARD = "gnu++0x";
				CLANG_CXX_LIBRARY = "libc++";
				CLANG_ENABLE_MODULES = YES;
				CLANG_ENABLE_OBJC_ARC = YES;
				CLANG_WARN_BOOL_CONVERSION = YES;
				CLANG_WARN_CONSTANT_CONVERSION = YES;
				CLANG_WARN_DIRECT_OBJC_ISA_USAGE = YES_ERROR;
				CLANG_WARN_EMPTY_BODY = YES;
				CLANG_WARN_ENUM_CONVERSION = YES;
				CLANG_WARN_INT_CONVERSION = YES;
				CLANG_WARN_OBJC_ROOT_CLASS = YES_ERROR;
				CLANG_WARN_UNREACHABLE_CODE = YES;
				CLANG_WARN__DUPLICATE_METHOD_MATCH = YES;
				"CODE_SIGN_IDENTITY[sdk=iphoneos*]" = "";
				COPY_PHASE_STRIP = NO;
				DEBUG_INFORMATION_FORMAT = dwarf;
				ENABLE_STRICT_OBJC_MSGSEND = YES;
				ENABLE_TESTABILITY = YES;
				GCC_C_LANGUAGE_STANDARD = gnu99;
				GCC_DYNAMIC_NO_PIC = NO;
				GCC_NO_COMMON_BLOCKS = YES;
				GCC_OPTIMIZATION_LEVEL = 0;
				GCC_PREPROCESSOR_DEFINITIONS = (
					"DEBUG=1",
					"$(inherited)",
				);
				GCC_WARN_64_TO_32_BIT_CONVERSION = YES;
				GCC_WARN_ABOUT_RETURN_TYPE = YES_ERROR;
				GCC_WARN_UNDECLARED_SELECTOR = YES;
				GCC_WARN_UNINITIALIZED_AUTOS = YES_AGGRESSIVE;
				GCC_WARN_UNUSED_FUNCTION = YES;
				GCC_WARN_UNUSED_VARIABLE = YES;
				IPHONEOS_DEPLOYMENT_TARGET = 9.1;
				MTL_ENABLE_DEBUG_INFO = YES;
				ONLY_ACTIVE_ARCH = YES;
				PROVISIONING_PROFILE = "08b23147-4831-4796-8a14-204e0fd9255c";
				SDKROOT = iphoneos;
			};
			name = Debug;
		};
		875F70891CB5FFB400D06935 /* Release */ = {
			isa = XCBuildConfiguration;
			buildSettings = {
				ALWAYS_SEARCH_USER_PATHS = NO;
				CLANG_CXX_LANGUAGE_STANDARD = "gnu++0x";
				CLANG_CXX_LIBRARY = "libc++";
				CLANG_ENABLE_MODULES = YES;
				CLANG_ENABLE_OBJC_ARC = YES;
				CLANG_WARN_BOOL_CONVERSION = YES;
				CLANG_WARN_CONSTANT_CONVERSION = YES;
				CLANG_WARN_DIRECT_OBJC_ISA_USAGE = YES_ERROR;
				CLANG_WARN_EMPTY_BODY = YES;
				CLANG_WARN_ENUM_CONVERSION = YES;
				CLANG_WARN_INT_CONVERSION = YES;
				CLANG_WARN_OBJC_ROOT_CLASS = YES_ERROR;
				CLANG_WARN_UNREACHABLE_CODE = YES;
				CLANG_WARN__DUPLICATE_METHOD_MATCH = YES;
				"CODE_SIGN_IDENTITY[sdk=iphoneos*]" = "";
				COPY_PHASE_STRIP = NO;
				DEBUG_INFORMATION_FORMAT = "dwarf-with-dsym";
				ENABLE_NS_ASSERTIONS = NO;
				ENABLE_STRICT_OBJC_MSGSEND = YES;
				GCC_C_LANGUAGE_STANDARD = gnu99;
				GCC_NO_COMMON_BLOCKS = YES;
				GCC_WARN_64_TO_32_BIT_CONVERSION = YES;
				GCC_WARN_ABOUT_RETURN_TYPE = YES_ERROR;
				GCC_WARN_UNDECLARED_SELECTOR = YES;
				GCC_WARN_UNINITIALIZED_AUTOS = YES_AGGRESSIVE;
				GCC_WARN_UNUSED_FUNCTION = YES;
				GCC_WARN_UNUSED_VARIABLE = YES;
				IPHONEOS_DEPLOYMENT_TARGET = 9.1;
				MTL_ENABLE_DEBUG_INFO = NO;
				PROVISIONING_PROFILE = "08b23147-4831-4796-8a14-204e0fd9255c";
				SDKROOT = iphoneos;
				VALIDATE_PRODUCT = YES;
			};
			name = Release;
		};
		875F708B1CB5FFB400D06935 /* Debug */ = {
			isa = XCBuildConfiguration;
			buildSettings = {
				ASSETCATALOG_COMPILER_APPICON_NAME = AppIcon;
				ASSETCATALOG_COMPILER_LAUNCHIMAGE_NAME = "Brand Assets";
				"CODE_SIGN_IDENTITY[sdk=iphoneos*]" = "";
				INFOPLIST_FILE = LineExtendWithStar/Info.plist;
				IPHONEOS_DEPLOYMENT_TARGET = 7.1;
				LD_RUNPATH_SEARCH_PATHS = "$(inherited) @executable_path/Frameworks";
				PRODUCT_BUNDLE_IDENTIFIER = qianhaichuanqi.LineExtendWithStar;
				PRODUCT_NAME = "$(TARGET_NAME)";
				PROVISIONING_PROFILE = "08b23147-4831-4796-8a14-204e0fd9255c";
			};
			name = Debug;
		};
		875F708C1CB5FFB400D06935 /* Release */ = {
			isa = XCBuildConfiguration;
			buildSettings = {
				ASSETCATALOG_COMPILER_APPICON_NAME = AppIcon;
				ASSETCATALOG_COMPILER_LAUNCHIMAGE_NAME = "Brand Assets";
				"CODE_SIGN_IDENTITY[sdk=iphoneos*]" = "";
				INFOPLIST_FILE = LineExtendWithStar/Info.plist;
				IPHONEOS_DEPLOYMENT_TARGET = 7.1;
				LD_RUNPATH_SEARCH_PATHS = "$(inherited) @executable_path/Frameworks";
				PRODUCT_BUNDLE_IDENTIFIER = qianhaichuanqi.LineExtendWithStar;
				PRODUCT_NAME = "$(TARGET_NAME)";
				PROVISIONING_PROFILE = "08b23147-4831-4796-8a14-204e0fd9255c";
			};
			name = Release;
		};
		875F708E1CB5FFB400D06935 /* Debug */ = {
			isa = XCBuildConfiguration;
			buildSettings = {
				BUNDLE_LOADER = "$(TEST_HOST)";
				INFOPLIST_FILE = LineExtendWithStarTests/Info.plist;
				LD_RUNPATH_SEARCH_PATHS = "$(inherited) @executable_path/Frameworks @loader_path/Frameworks";
				PRODUCT_BUNDLE_IDENTIFIER = qianhaichuanqi.LineExtendWithStarTests;
				PRODUCT_NAME = "$(TARGET_NAME)";
				TEST_HOST = "$(BUILT_PRODUCTS_DIR)/LineExtendWithStar.app/LineExtendWithStar";
			};
			name = Debug;
		};
		875F708F1CB5FFB400D06935 /* Release */ = {
			isa = XCBuildConfiguration;
			buildSettings = {
				BUNDLE_LOADER = "$(TEST_HOST)";
				INFOPLIST_FILE = LineExtendWithStarTests/Info.plist;
				LD_RUNPATH_SEARCH_PATHS = "$(inherited) @executable_path/Frameworks @loader_path/Frameworks";
				PRODUCT_BUNDLE_IDENTIFIER = qianhaichuanqi.LineExtendWithStarTests;
				PRODUCT_NAME = "$(TARGET_NAME)";
				TEST_HOST = "$(BUILT_PRODUCTS_DIR)/LineExtendWithStar.app/LineExtendWithStar";
			};
			name = Release;
		};
		875F70911CB5FFB400D06935 /* Debug */ = {
			isa = XCBuildConfiguration;
			buildSettings = {
				INFOPLIST_FILE = LineExtendWithStarUITests/Info.plist;
				LD_RUNPATH_SEARCH_PATHS = "$(inherited) @executable_path/Frameworks @loader_path/Frameworks";
				PRODUCT_BUNDLE_IDENTIFIER = qianhaichuanqi.LineExtendWithStarUITests;
				PRODUCT_NAME = "$(TARGET_NAME)";
				TEST_TARGET_NAME = LineExtendWithStar;
				USES_XCTRUNNER = YES;
			};
			name = Debug;
		};
		875F70921CB5FFB400D06935 /* Release */ = {
			isa = XCBuildConfiguration;
			buildSettings = {
				INFOPLIST_FILE = LineExtendWithStarUITests/Info.plist;
				LD_RUNPATH_SEARCH_PATHS = "$(inherited) @executable_path/Frameworks @loader_path/Frameworks";
				PRODUCT_BUNDLE_IDENTIFIER = qianhaichuanqi.LineExtendWithStarUITests;
				PRODUCT_NAME = "$(TARGET_NAME)";
				TEST_TARGET_NAME = LineExtendWithStar;
				USES_XCTRUNNER = YES;
			};
			name = Release;
		};
/* End XCBuildConfiguration section */

/* Begin XCConfigurationList section */
		875F70551CB5FFB400D06935 /* Build configuration list for PBXProject "LineExtendWithStar" */ = {
			isa = XCConfigurationList;
			buildConfigurations = (
				875F70881CB5FFB400D06935 /* Debug */,
				875F70891CB5FFB400D06935 /* Release */,
			);
			defaultConfigurationIsVisible = 0;
			defaultConfigurationName = Release;
		};
		875F708A1CB5FFB400D06935 /* Build configuration list for PBXNativeTarget "LineExtendWithStar" */ = {
			isa = XCConfigurationList;
			buildConfigurations = (
				875F708B1CB5FFB400D06935 /* Debug */,
				875F708C1CB5FFB400D06935 /* Release */,
			);
			defaultConfigurationIsVisible = 0;
		};
		875F708D1CB5FFB400D06935 /* Build configuration list for PBXNativeTarget "LineExtendWithStarTests" */ = {
			isa = XCConfigurationList;
			buildConfigurations = (
				875F708E1CB5FFB400D06935 /* Debug */,
				875F708F1CB5FFB400D06935 /* Release */,
			);
			defaultConfigurationIsVisible = 0;
		};
		875F70901CB5FFB400D06935 /* Build configuration list for PBXNativeTarget "LineExtendWithStarUITests" */ = {
			isa = XCConfigurationList;
			buildConfigurations = (
				875F70911CB5FFB400D06935 /* Debug */,
				875F70921CB5FFB400D06935 /* Release */,
			);
			defaultConfigurationIsVisible = 0;
		};
/* End XCConfigurationList section */

/* Begin XCVersionGroup section */
		875F70691CB5FFB400D06935 /* LineExtendWithStar.xcdatamodeld */ = {
			isa = XCVersionGroup;
			children = (
				875F706A1CB5FFB400D06935 /* LineExtendWithStar.xcdatamodel */,
			);
			currentVersion = 875F706A1CB5FFB400D06935 /* LineExtendWithStar.xcdatamodel */;
			path = LineExtendWithStar.xcdatamodeld;
			sourceTree = "<group>";
			versionGroupType = wrapper.xcdatamodel;
		};
/* End XCVersionGroup section */
	};
	rootObject = 875F70521CB5FFB400D06935 /* Project object */;
}
